{
  "name": "aquaflora",
  "lockfileVersion": 2,
  "requires": true,
  "packages": {
    "": {
      "dependencies": {
        "nvd3": "^1.7.1"
      }
    },
    "node_modules/nvd3": {
      "version": "1.7.1",
      "resolved": "https://registry.npmjs.org/nvd3/-/nvd3-1.7.1.tgz",
      "integrity": "sha1-LRLXIx/YjrLMFyAg/LI611AIlTA="
    }
  },
  "dependencies": {
    "nvd3": {
      "version": "1.7.1",
      "resolved": "https://registry.npmjs.org/nvd3/-/nvd3-1.7.1.tgz",
      "integrity": "sha1-LRLXIx/YjrLMFyAg/LI611AIlTA="
    }
  }
}
